
Microsoft Visual Studio Solution File, Format Version 12.00
# Visual Studio Version 17
VisualStudioVersion = 17.13.35806.99 d17.13
MinimumVisualStudioVersion = 10.0.40219.1
Project("{FAE04EC0-301F-11D3-BF4B-00C04F79EFBC}") = "AspNetCoreReact", "AspNetCoreReact.csproj", "{F47DFFF2-7501-C432-4FFF-6016E1F449EF}"
EndProject
Global
	GlobalSection(SolutionConfigurationPlatforms) = preSolution
		Debug|Any CPU = Debug|Any CPU
		Release|Any CPU = Release|Any CPU
	EndGlobalSection
	GlobalSection(ProjectConfigurationPlatforms) = postSolution
		{F47DFFF2-7501-C432-4FFF-6016E1F449EF}.Debug|Any CPU.ActiveCfg = Debug|Any CPU
		{F47DFFF2-7501-C432-4FFF-6016E1F449EF}.Debug|Any CPU.Build.0 = Debug|Any CPU
		{F47DFFF2-7501-C432-4FFF-6016E1F449EF}.Release|Any CPU.ActiveCfg = Release|Any CPU
		{F47DFFF2-7501-C432-4FFF-6016E1F449EF}.Release|Any CPU.Build.0 = Release|Any CPU
	EndGlobalSection
	GlobalSection(SolutionProperties) = preSolution
		HideSolutionNode = FALSE
	EndGlobalSection
	GlobalSection(ExtensibilityGlobals) = postSolution
		SolutionGuid = {374F1D32-3C38-406E-B1BB-24DC401472EF}
	EndGlobalSection
EndGlobal
